
Microsoft Visual Studio Solution File, Format Version 11.00
# Visual Studio 2010
Project("{FAE04EC0-301F-11D3-BF4B-00C04F79EFBC}") = "MODit!", "MODit!\MODit!.csproj", "{7015DF6F-DC95-420A-B5C3-642557B9F794}"
EndProject
Global
	GlobalSection(SolutionConfigurationPlatforms) = preSolution
		Debug|x86 = Debug|x86
		Release|x86 = Release|x86
	EndGlobalSection
	GlobalSection(ProjectConfigurationPlatforms) = postSolution
		{7015DF6F-DC95-420A-B5C3-642557B9F794}.Debug|x86.ActiveCfg = Debug|x86
		{7015DF6F-DC95-420A-B5C3-642557B9F794}.Debug|x86.Build.0 = Debug|x86
		{7015DF6F-DC95-420A-B5C3-642557B9F794}.Release|x86.ActiveCfg = Release|x86
		{7015DF6F-DC95-420A-B5C3-642557B9F794}.Release|x86.Build.0 = Release|x86
	EndGlobalSection
	GlobalSection(SolutionProperties) = preSolution
		HideSolutionNode = FALSE
	EndGlobalSection
EndGlobal
